
Microsoft Visual Studio Solution File, Format Version 12.00
# Visual Studio 15
Project("{FAE04EC0-301F-11D3-BF4B-00C04F79EFBC}") = "AstarPathfindingProject", "AstarPathfindingProject.csproj", "{8D5EA7AF-852F-4D6A-4CB4-4E4F8A334CC3}"
EndProject
Project("{FAE04EC0-301F-11D3-BF4B-00C04F79EFBC}") = "AstarPathfindingProjectEditor", "AstarPathfindingProjectEditor.csproj", "{4E8AB077-82C7-59BD-E14D-1B9B1DE13B72}"
EndProject
Project("{FAE04EC0-301F-11D3-BF4B-00C04F79EFBC}") = "PackageToolsEditor", "PackageToolsEditor.csproj", "{01AA69AD-C945-914D-7275-68F939B1DA6C}"
EndProject
Project("{FAE04EC0-301F-11D3-BF4B-00C04F79EFBC}") = "Assembly-CSharp", "Assembly-CSharp.csproj", "{6B0F72C7-0706-0253-1714-307C38C585E0}"
EndProject
Global
	GlobalSection(SolutionConfigurationPlatforms) = preSolution
		Debug|Any CPU = Debug|Any CPU
		Release|Any CPU = Release|Any CPU
	EndGlobalSection
	GlobalSection(ProjectConfigurationPlatforms) = postSolution
		{8D5EA7AF-852F-4D6A-4CB4-4E4F8A334CC3}.Debug|Any CPU.ActiveCfg = Debug|Any CPU
		{8D5EA7AF-852F-4D6A-4CB4-4E4F8A334CC3}.Debug|Any CPU.Build.0 = Debug|Any CPU
		{8D5EA7AF-852F-4D6A-4CB4-4E4F8A334CC3}.Release|Any CPU.ActiveCfg = Release|Any CPU
		{8D5EA7AF-852F-4D6A-4CB4-4E4F8A334CC3}.Release|Any CPU.Build.0 = Release|Any CPU
		{4E8AB077-82C7-59BD-E14D-1B9B1DE13B72}.Debug|Any CPU.ActiveCfg = Debug|Any CPU
		{4E8AB077-82C7-59BD-E14D-1B9B1DE13B72}.Debug|Any CPU.Build.0 = Debug|Any CPU
		{4E8AB077-82C7-59BD-E14D-1B9B1DE13B72}.Release|Any CPU.ActiveCfg = Release|Any CPU
		{4E8AB077-82C7-59BD-E14D-1B9B1DE13B72}.Release|Any CPU.Build.0 = Release|Any CPU
		{01AA69AD-C945-914D-7275-68F939B1DA6C}.Debug|Any CPU.ActiveCfg = Debug|Any CPU
		{01AA69AD-C945-914D-7275-68F939B1DA6C}.Debug|Any CPU.Build.0 = Debug|Any CPU
		{01AA69AD-C945-914D-7275-68F939B1DA6C}.Release|Any CPU.ActiveCfg = Release|Any CPU
		{01AA69AD-C945-914D-7275-68F939B1DA6C}.Release|Any CPU.Build.0 = Release|Any CPU
		{6B0F72C7-0706-0253-1714-307C38C585E0}.Debug|Any CPU.ActiveCfg = Debug|Any CPU
		{6B0F72C7-0706-0253-1714-307C38C585E0}.Debug|Any CPU.Build.0 = Debug|Any CPU
		{6B0F72C7-0706-0253-1714-307C38C585E0}.Release|Any CPU.ActiveCfg = Release|Any CPU
		{6B0F72C7-0706-0253-1714-307C38C585E0}.Release|Any CPU.Build.0 = Release|Any CPU
	EndGlobalSection
	GlobalSection(SolutionProperties) = preSolution
		HideSolutionNode = FALSE
	EndGlobalSection
EndGlobal
